
Microsoft Visual Studio Solution File, Format Version 12.00
# Visual Studio Version 17
VisualStudioVersion = 17.1.32328.378
MinimumVisualStudioVersion = 10.0.40219.1
Project("{FAE04EC0-301F-11D3-BF4B-00C04F79EFBC}") = "ToDoLibrary", "ToDoLibrary\ToDoLibrary.csproj", "{B8B8419F-6B16-4901-A58C-D365DF5C0447}"
EndProject
Project("{FAE04EC0-301F-11D3-BF4B-00C04F79EFBC}") = "ToDoAPI", "ToDoAPI\ToDoAPI.csproj", "{5C4C5E51-15D4-4289-9CFD-52F6CDAD8147}"
EndProject
Global
	GlobalSection(SolutionConfigurationPlatforms) = preSolution
		Debug|Any CPU = Debug|Any CPU
		Release|Any CPU = Release|Any CPU
	EndGlobalSection
	GlobalSection(ProjectConfigurationPlatforms) = postSolution
		{B8B8419F-6B16-4901-A58C-D365DF5C0447}.Debug|Any CPU.ActiveCfg = Debug|Any CPU
		{B8B8419F-6B16-4901-A58C-D365DF5C0447}.Debug|Any CPU.Build.0 = Debug|Any CPU
		{B8B8419F-6B16-4901-A58C-D365DF5C0447}.Release|Any CPU.ActiveCfg = Release|Any CPU
		{B8B8419F-6B16-4901-A58C-D365DF5C0447}.Release|Any CPU.Build.0 = Release|Any CPU
		{5C4C5E51-15D4-4289-9CFD-52F6CDAD8147}.Debug|Any CPU.ActiveCfg = Debug|Any CPU
		{5C4C5E51-15D4-4289-9CFD-52F6CDAD8147}.Debug|Any CPU.Build.0 = Debug|Any CPU
		{5C4C5E51-15D4-4289-9CFD-52F6CDAD8147}.Release|Any CPU.ActiveCfg = Release|Any CPU
		{5C4C5E51-15D4-4289-9CFD-52F6CDAD8147}.Release|Any CPU.Build.0 = Release|Any CPU
	EndGlobalSection
	GlobalSection(SolutionProperties) = preSolution
		HideSolutionNode = FALSE
	EndGlobalSection
	GlobalSection(ExtensibilityGlobals) = postSolution
		SolutionGuid = {0BC20193-C9FE-4C0B-BDED-E148FD2AFF85}
	EndGlobalSection
EndGlobal
